
Microsoft Visual Studio Solution File, Format Version 12.00
# Visual Studio 15
VisualStudioVersion = 15.0.28307.271
MinimumVisualStudioVersion = 10.0.40219.1
Project("{FAE04EC0-301F-11D3-BF4B-00C04F79EFBC}") = "ProductCatalog.Model", "ProductCatalog.Model\ProductCatalog.Model.csproj", "{C2D66B74-E019-433A-B5D6-6F0E67840616}"
EndProject
Project("{FAE04EC0-301F-11D3-BF4B-00C04F79EFBC}") = "ProductCatalog.DAO", "ProductCatalog.DAO\ProductCatalog.DAO.csproj", "{2DBFB7D0-1F8A-426E-BFF7-C58B0437849D}"
EndProject
Project("{FAE04EC0-301F-11D3-BF4B-00C04F79EFBC}") = "ProductCatalog.Services", "ProductCatalog.Services\ProductCatalog.Services.csproj", "{9612529A-DF0A-4FB9-8F55-26E2EE3B549D}"
EndProject
Project("{2150E333-8FDC-42A3-9474-1A3956D46DE8}") = "Testes", "Testes", "{90903ED7-DDDC-4765-91EA-398B9C24ED78}"
EndProject
Project("{FAE04EC0-301F-11D3-BF4B-00C04F79EFBC}") = "ProductCatalog.CMD", "ProductCatalog.CMD\ProductCatalog.CMD.csproj", "{8DBCB009-FF1D-4377-9A6B-0B66967382BC}"
EndProject
Project("{FAE04EC0-301F-11D3-BF4B-00C04F79EFBC}") = "ProductCatalog.Web", "ProductCatalog.Web\ProductCatalog.Web.csproj", "{F0BF5CAA-6C43-4087-A47B-DB562A02E7FF}"
EndProject
Global
	GlobalSection(SolutionConfigurationPlatforms) = preSolution
		Debug|Any CPU = Debug|Any CPU
		Release|Any CPU = Release|Any CPU
	EndGlobalSection
	GlobalSection(ProjectConfigurationPlatforms) = postSolution
		{C2D66B74-E019-433A-B5D6-6F0E67840616}.Debug|Any CPU.ActiveCfg = Debug|Any CPU
		{C2D66B74-E019-433A-B5D6-6F0E67840616}.Debug|Any CPU.Build.0 = Debug|Any CPU
		{C2D66B74-E019-433A-B5D6-6F0E67840616}.Release|Any CPU.ActiveCfg = Release|Any CPU
		{C2D66B74-E019-433A-B5D6-6F0E67840616}.Release|Any CPU.Build.0 = Release|Any CPU
		{2DBFB7D0-1F8A-426E-BFF7-C58B0437849D}.Debug|Any CPU.ActiveCfg = Debug|Any CPU
		{2DBFB7D0-1F8A-426E-BFF7-C58B0437849D}.Debug|Any CPU.Build.0 = Debug|Any CPU
		{2DBFB7D0-1F8A-426E-BFF7-C58B0437849D}.Release|Any CPU.ActiveCfg = Release|Any CPU
		{2DBFB7D0-1F8A-426E-BFF7-C58B0437849D}.Release|Any CPU.Build.0 = Release|Any CPU
		{9612529A-DF0A-4FB9-8F55-26E2EE3B549D}.Debug|Any CPU.ActiveCfg = Debug|Any CPU
		{9612529A-DF0A-4FB9-8F55-26E2EE3B549D}.Debug|Any CPU.Build.0 = Debug|Any CPU
		{9612529A-DF0A-4FB9-8F55-26E2EE3B549D}.Release|Any CPU.ActiveCfg = Release|Any CPU
		{9612529A-DF0A-4FB9-8F55-26E2EE3B549D}.Release|Any CPU.Build.0 = Release|Any CPU
		{8DBCB009-FF1D-4377-9A6B-0B66967382BC}.Debug|Any CPU.ActiveCfg = Debug|Any CPU
		{8DBCB009-FF1D-4377-9A6B-0B66967382BC}.Debug|Any CPU.Build.0 = Debug|Any CPU
		{8DBCB009-FF1D-4377-9A6B-0B66967382BC}.Release|Any CPU.ActiveCfg = Release|Any CPU
		{8DBCB009-FF1D-4377-9A6B-0B66967382BC}.Release|Any CPU.Build.0 = Release|Any CPU
		{F0BF5CAA-6C43-4087-A47B-DB562A02E7FF}.Debug|Any CPU.ActiveCfg = Debug|Any CPU
		{F0BF5CAA-6C43-4087-A47B-DB562A02E7FF}.Debug|Any CPU.Build.0 = Debug|Any CPU
		{F0BF5CAA-6C43-4087-A47B-DB562A02E7FF}.Release|Any CPU.ActiveCfg = Release|Any CPU
		{F0BF5CAA-6C43-4087-A47B-DB562A02E7FF}.Release|Any CPU.Build.0 = Release|Any CPU
	EndGlobalSection
	GlobalSection(SolutionProperties) = preSolution
		HideSolutionNode = FALSE
	EndGlobalSection
	GlobalSection(NestedProjects) = preSolution
		{8DBCB009-FF1D-4377-9A6B-0B66967382BC} = {90903ED7-DDDC-4765-91EA-398B9C24ED78}
	EndGlobalSection
	GlobalSection(ExtensibilityGlobals) = postSolution
		SolutionGuid = {479291E0-4CC6-4CE5-A278-26C4AEA9E323}
	EndGlobalSection
EndGlobal
